
Microsoft Visual Studio Solution File, Format Version 12.00
# Visual Studio 15
Project("{FAE04EC0-301F-11D3-BF4B-00C04F79EFBC}") = "Project GuildMaker", "Project GuildMaker.csproj", "{40F8EE85-677D-A835-016B-470AD1BA3A02}"
EndProject
Project("{FAE04EC0-301F-11D3-BF4B-00C04F79EFBC}") = "Project GuildMaker.Editor", "Project GuildMaker.Editor.csproj", "{95D3D023-1B04-EB13-1C96-5B5C0830A995}"
EndProject
Global
	GlobalSection(SolutionConfigurationPlatforms) = preSolution
		Debug|Any CPU = Debug|Any CPU
		Release|Any CPU = Release|Any CPU
	EndGlobalSection
	GlobalSection(ProjectConfigurationPlatforms) = postSolution
		{40F8EE85-677D-A835-016B-470AD1BA3A02}.Debug|Any CPU.ActiveCfg = Debug|Any CPU
		{40F8EE85-677D-A835-016B-470AD1BA3A02}.Debug|Any CPU.Build.0 = Debug|Any CPU
		{40F8EE85-677D-A835-016B-470AD1BA3A02}.Release|Any CPU.ActiveCfg = Release|Any CPU
		{40F8EE85-677D-A835-016B-470AD1BA3A02}.Release|Any CPU.Build.0 = Release|Any CPU
		{95D3D023-1B04-EB13-1C96-5B5C0830A995}.Debug|Any CPU.ActiveCfg = Debug|Any CPU
		{95D3D023-1B04-EB13-1C96-5B5C0830A995}.Debug|Any CPU.Build.0 = Debug|Any CPU
		{95D3D023-1B04-EB13-1C96-5B5C0830A995}.Release|Any CPU.ActiveCfg = Release|Any CPU
		{95D3D023-1B04-EB13-1C96-5B5C0830A995}.Release|Any CPU.Build.0 = Release|Any CPU
	EndGlobalSection
	GlobalSection(SolutionProperties) = preSolution
		HideSolutionNode = FALSE
	EndGlobalSection
EndGlobal
