
Microsoft Visual Studio Solution File, Format Version 12.00
# Visual Studio 15
Project("{FAE04EC0-301F-11D3-BF4B-00C04F79EFBC}") = "Project-GuildMaker", "Project-GuildMaker.csproj", "{200345A9-3271-1B8F-49F1-DB7B8EC066D6}"
EndProject
Project("{FAE04EC0-301F-11D3-BF4B-00C04F79EFBC}") = "Project-GuildMaker.Editor", "Project-GuildMaker.Editor.csproj", "{94C78FF1-5C0A-8C1A-8585-F9FFB4586292}"
EndProject
Global
	GlobalSection(SolutionConfigurationPlatforms) = preSolution
		Debug|Any CPU = Debug|Any CPU
		Release|Any CPU = Release|Any CPU
	EndGlobalSection
	GlobalSection(ProjectConfigurationPlatforms) = postSolution
		{200345A9-3271-1B8F-49F1-DB7B8EC066D6}.Debug|Any CPU.ActiveCfg = Debug|Any CPU
		{200345A9-3271-1B8F-49F1-DB7B8EC066D6}.Debug|Any CPU.Build.0 = Debug|Any CPU
		{200345A9-3271-1B8F-49F1-DB7B8EC066D6}.Release|Any CPU.ActiveCfg = Release|Any CPU
		{200345A9-3271-1B8F-49F1-DB7B8EC066D6}.Release|Any CPU.Build.0 = Release|Any CPU
		{94C78FF1-5C0A-8C1A-8585-F9FFB4586292}.Debug|Any CPU.ActiveCfg = Debug|Any CPU
		{94C78FF1-5C0A-8C1A-8585-F9FFB4586292}.Debug|Any CPU.Build.0 = Debug|Any CPU
		{94C78FF1-5C0A-8C1A-8585-F9FFB4586292}.Release|Any CPU.ActiveCfg = Release|Any CPU
		{94C78FF1-5C0A-8C1A-8585-F9FFB4586292}.Release|Any CPU.Build.0 = Release|Any CPU
	EndGlobalSection
	GlobalSection(SolutionProperties) = preSolution
		HideSolutionNode = FALSE
	EndGlobalSection
EndGlobal
