
Microsoft Visual Studio Solution File, Format Version 12.00
# Visual Studio 15
Project("{FAE04EC0-301F-11D3-BF4B-00C04F79EFBC}") = "NoName", "NoName.csproj", "{894C56A9-69CC-7E1F-78F3-1748A1081195}"
EndProject
Project("{FAE04EC0-301F-11D3-BF4B-00C04F79EFBC}") = "NoName.Editor", "NoName.Editor.csproj", "{C58C5D34-43FD-3063-63F1-D57542C71297}"
EndProject
Global
	GlobalSection(SolutionConfigurationPlatforms) = preSolution
		Debug|Any CPU = Debug|Any CPU
		Release|Any CPU = Release|Any CPU
	EndGlobalSection
	GlobalSection(ProjectConfigurationPlatforms) = postSolution
		{894C56A9-69CC-7E1F-78F3-1748A1081195}.Debug|Any CPU.ActiveCfg = Debug|Any CPU
		{894C56A9-69CC-7E1F-78F3-1748A1081195}.Debug|Any CPU.Build.0 = Debug|Any CPU
		{894C56A9-69CC-7E1F-78F3-1748A1081195}.Release|Any CPU.ActiveCfg = Release|Any CPU
		{894C56A9-69CC-7E1F-78F3-1748A1081195}.Release|Any CPU.Build.0 = Release|Any CPU
		{C58C5D34-43FD-3063-63F1-D57542C71297}.Debug|Any CPU.ActiveCfg = Debug|Any CPU
		{C58C5D34-43FD-3063-63F1-D57542C71297}.Debug|Any CPU.Build.0 = Debug|Any CPU
		{C58C5D34-43FD-3063-63F1-D57542C71297}.Release|Any CPU.ActiveCfg = Release|Any CPU
		{C58C5D34-43FD-3063-63F1-D57542C71297}.Release|Any CPU.Build.0 = Release|Any CPU
	EndGlobalSection
	GlobalSection(SolutionProperties) = preSolution
		HideSolutionNode = FALSE
	EndGlobalSection
EndGlobal
